// !$*UTF8*$!
{
	archiveVersion = 1;
	classes = {
	};
	objectVersion = 46;
	objects = {

/* Begin PBXBuildFile section */
		5ED36EAD19F96825005495D3 /* AppDelegate.swift in Sources */ = {isa = PBXBuildFile; fileRef = 5ED36EAC19F96825005495D3 /* AppDelegate.swift */; };
		5ED36EAF19F96825005495D3 /* ViewController.swift in Sources */ = {isa = PBXBuildFile; fileRef = 5ED36EAE19F96825005495D3 /* ViewController.swift */; };
		5ED36EB219F96825005495D3 /* Main.storyboard in Resources */ = {isa = PBXBuildFile; fileRef = 5ED36EB019F96825005495D3 /* Main.storyboard */; };
		5ED36EB419F96825005495D3 /* Images.xcassets in Resources */ = {isa = PBXBuildFile; fileRef = 5ED36EB319F96825005495D3 /* Images.xcassets */; };
		5ED36EB719F96825005495D3 /* LaunchScreen.xib in Resources */ = {isa = PBXBuildFile; fileRef = 5ED36EB519F96825005495D3 /* LaunchScreen.xib */; };
		5ED36EC319F96825005495D3 /* ColorboardTests.swift in Sources */ = {isa = PBXBuildFile; fileRef = 5ED36EC219F96825005495D3 /* ColorboardTests.swift */; };
		5ED36ECD19F96CB9005495D3 /* ColorViewController.swift in Sources */ = {isa = PBXBuildFile; fileRef = 5ED36ECC19F96CB9005495D3 /* ColorViewController.swift */; };
		5ED36ECF19F97263005495D3 /* PalletteViewController.swift in Sources */ = {isa = PBXBuildFile; fileRef = 5ED36ECE19F97263005495D3 /* PalletteViewController.swift */; };
		5ED36ED119F97329005495D3 /* ColorDescription.swift in Sources */ = {isa = PBXBuildFile; fileRef = 5ED36ED019F97329005495D3 /* ColorDescription.swift */; };
/* End PBXBuildFile section */

/* Begin PBXContainerItemProxy section */
		5ED36EBD19F96825005495D3 /* PBXContainerItemProxy */ = {
			isa = PBXContainerItemProxy;
			containerPortal = 5ED36E9F19F96825005495D3 /* Project object */;
			proxyType = 1;
			remoteGlobalIDString = 5ED36EA619F96825005495D3;
			remoteInfo = Colorboard;
		};
/* End PBXContainerItemProxy section */

/* Begin PBXFileReference section */
		5ED36EA719F96825005495D3 /* Colorboard.app */ = {isa = PBXFileReference; explicitFileType = wrapper.application; includeInIndex = 0; path = Colorboard.app; sourceTree = BUILT_PRODUCTS_DIR; };
		5ED36EAB19F96825005495D3 /* Info.plist */ = {isa = PBXFileReference; lastKnownFileType = text.plist.xml; path = Info.plist; sourceTree = "<group>"; };
		5ED36EAC19F96825005495D3 /* AppDelegate.swift */ = {isa = PBXFileReference; lastKnownFileType = sourcecode.swift; path = AppDelegate.swift; sourceTree = "<group>"; };
		5ED36EAE19F96825005495D3 /* ViewController.swift */ = {isa = PBXFileReference; lastKnownFileType = sourcecode.swift; path = ViewController.swift; sourceTree = "<group>"; };
		5ED36EB119F96825005495D3 /* Base */ = {isa = PBXFileReference; lastKnownFileType = file.storyboard; name = Base; path = Base.lproj/Main.storyboard; sourceTree = "<group>"; };
		5ED36EB319F96825005495D3 /* Images.xcassets */ = {isa = PBXFileReference; lastKnownFileType = folder.assetcatalog; path = Images.xcassets; sourceTree = "<group>"; };
		5ED36EB619F96825005495D3 /* Base */ = {isa = PBXFileReference; lastKnownFileType = file.xib; name = Base; path = Base.lproj/LaunchScreen.xib; sourceTree = "<group>"; };
		5ED36EBC19F96825005495D3 /* ColorboardTests.xctest */ = {isa = PBXFileReference; explicitFileType = wrapper.cfbundle; includeInIndex = 0; path = ColorboardTests.xctest; sourceTree = BUILT_PRODUCTS_DIR; };
		5ED36EC119F96825005495D3 /* Info.plist */ = {isa = PBXFileReference; lastKnownFileType = text.plist.xml; path = Info.plist; sourceTree = "<group>"; };
		5ED36EC219F96825005495D3 /* ColorboardTests.swift */ = {isa = PBXFileReference; lastKnownFileType = sourcecode.swift; path = ColorboardTests.swift; sourceTree = "<group>"; };
		5ED36ECC19F96CB9005495D3 /* ColorViewController.swift */ = {isa = PBXFileReference; fileEncoding = 4; lastKnownFileType = sourcecode.swift; path = ColorViewController.swift; sourceTree = "<group>"; };
		5ED36ECE19F97263005495D3 /* PalletteViewController.swift */ = {isa = PBXFileReference; fileEncoding = 4; lastKnownFileType = sourcecode.swift; path = PalletteViewController.swift; sourceTree = "<group>"; };
		5ED36ED019F97329005495D3 /* ColorDescription.swift */ = {isa = PBXFileReference; fileEncoding = 4; lastKnownFileType = sourcecode.swift; path = ColorDescription.swift; sourceTree = "<group>"; };
/* End PBXFileReference section */

/* Begin PBXFrameworksBuildPhase section */
		5ED36EA419F96825005495D3 /* Frameworks */ = {
			isa = PBXFrameworksBuildPhase;
			buildActionMask = 2147483647;
			files = (
			);
			runOnlyForDeploymentPostprocessing = 0;
		};
		5ED36EB919F96825005495D3 /* Frameworks */ = {
			isa = PBXFrameworksBuildPhase;
			buildActionMask = 2147483647;
			files = (
			);
			runOnlyForDeploymentPostprocessing = 0;
		};
/* End PBXFrameworksBuildPhase section */

/* Begin PBXGroup section */
		5ED36E9E19F96825005495D3 = {
			isa = PBXGroup;
			children = (
				5ED36EA919F96825005495D3 /* Colorboard */,
				5ED36EBF19F96825005495D3 /* ColorboardTests */,
				5ED36EA819F96825005495D3 /* Products */,
			);
			sourceTree = "<group>";
		};
		5ED36EA819F96825005495D3 /* Products */ = {
			isa = PBXGroup;
			children = (
				5ED36EA719F96825005495D3 /* Colorboard.app */,
				5ED36EBC19F96825005495D3 /* ColorboardTests.xctest */,
			);
			name = Products;
			sourceTree = "<group>";
		};
		5ED36EA919F96825005495D3 /* Colorboard */ = {
			isa = PBXGroup;
			children = (
				5ED36EAC19F96825005495D3 /* AppDelegate.swift */,
				5ED36EAE19F96825005495D3 /* ViewController.swift */,
				5ED36EB019F96825005495D3 /* Main.storyboard */,
				5ED36ECC19F96CB9005495D3 /* ColorViewController.swift */,
				5ED36ECE19F97263005495D3 /* PalletteViewController.swift */,
				5ED36ED019F97329005495D3 /* ColorDescription.swift */,
				5ED36EB319F96825005495D3 /* Images.xcassets */,
				5ED36EB519F96825005495D3 /* LaunchScreen.xib */,
				5ED36EAA19F96825005495D3 /* Supporting Files */,
			);
			path = Colorboard;
			sourceTree = "<group>";
		};
		5ED36EAA19F96825005495D3 /* Supporting Files */ = {
			isa = PBXGroup;
			children = (
				5ED36EAB19F96825005495D3 /* Info.plist */,
			);
			name = "Supporting Files";
			sourceTree = "<group>";
		};
		5ED36EBF19F96825005495D3 /* ColorboardTests */ = {
			isa = PBXGroup;
			children = (
				5ED36EC219F96825005495D3 /* ColorboardTests.swift */,
				5ED36EC019F96825005495D3 /* Supporting Files */,
			);
			path = ColorboardTests;
			sourceTree = "<group>";
		};
		5ED36EC019F96825005495D3 /* Supporting Files */ = {
			isa = PBXGroup;
			children = (
				5ED36EC119F96825005495D3 /* Info.plist */,
			);
			name = "Supporting Files";
			sourceTree = "<group>";
		};
/* End PBXGroup section */

/* Begin PBXNativeTarget section */
		5ED36EA619F96825005495D3 /* Colorboard */ = {
			isa = PBXNativeTarget;
			buildConfigurationList = 5ED36EC619F96825005495D3 /* Build configuration list for PBXNativeTarget "Colorboard" */;
			buildPhases = (
				5ED36EA319F96825005495D3 /* Sources */,
				5ED36EA419F96825005495D3 /* Frameworks */,
				5ED36EA519F96825005495D3 /* Resources */,
			);
			buildRules = (
			);
			dependencies = (
			);
			name = Colorboard;
			productName = Colorboard;
			productReference = 5ED36EA719F96825005495D3 /* Colorboard.app */;
			productType = "com.apple.product-type.application";
		};
		5ED36EBB19F96825005495D3 /* ColorboardTests */ = {
			isa = PBXNativeTarget;
			buildConfigurationList = 5ED36EC919F96825005495D3 /* Build configuration list for PBXNativeTarget "ColorboardTests" */;
			buildPhases = (
				5ED36EB819F96825005495D3 /* Sources */,
				5ED36EB919F96825005495D3 /* Frameworks */,
				5ED36EBA19F96825005495D3 /* Resources */,
			);
			buildRules = (
			);
			dependencies = (
				5ED36EBE19F96825005495D3 /* PBXTargetDependency */,
			);
			name = ColorboardTests;
			productName = ColorboardTests;
			productReference = 5ED36EBC19F96825005495D3 /* ColorboardTests.xctest */;
			productType = "com.apple.product-type.bundle.unit-test";
		};
/* End PBXNativeTarget section */

/* Begin PBXProject section */
		5ED36E9F19F96825005495D3 /* Project object */ = {
			isa = PBXProject;
			attributes = {
				LastUpgradeCheck = 0610;
				ORGANIZATIONNAME = "Troy Abel";
				TargetAttributes = {
					5ED36EA619F96825005495D3 = {
						CreatedOnToolsVersion = 6.1;
					};
					5ED36EBB19F96825005495D3 = {
						CreatedOnToolsVersion = 6.1;
						TestTargetID = 5ED36EA619F96825005495D3;
					};
				};
			};
			buildConfigurationList = 5ED36EA219F96825005495D3 /* Build configuration list for PBXProject "Colorboard" */;
			compatibilityVersion = "Xcode 3.2";
			developmentRegion = English;
			hasScannedForEncodings = 0;
			knownRegions = (
				en,
				Base,
			);
			mainGroup = 5ED36E9E19F96825005495D3;
			productRefGroup = 5ED36EA819F96825005495D3 /* Products */;
			projectDirPath = "";
			projectRoot = "";
			targets = (
				5ED36EA619F96825005495D3 /* Colorboard */,
				5ED36EBB19F96825005495D3 /* ColorboardTests */,
			);
		};
/* End PBXProject section */

/* Begin PBXResourcesBuildPhase section */
		5ED36EA519F96825005495D3 /* Resources */ = {
			isa = PBXResourcesBuildPhase;
			buildActionMask = 2147483647;
			files = (
				5ED36EB219F96825005495D3 /* Main.storyboard in Resources */,
				5ED36EB719F96825005495D3 /* LaunchScreen.xib in Resources */,
				5ED36EB419F96825005495D3 /* Images.xcassets in Resources */,
			);
			runOnlyForDeploymentPostprocessing = 0;
		};
		5ED36EBA19F96825005495D3 /* Resources */ = {
			isa = PBXResourcesBuildPhase;
			buildActionMask = 2147483647;
			files = (
			);
			runOnlyForDeploymentPostprocessing = 0;
		};
/* End PBXResourcesBuildPhase section */

/* Begin PBXSourcesBuildPhase section */
		5ED36EA319F96825005495D3 /* Sources */ = {
			isa = PBXSourcesBuildPhase;
			buildActionMask = 2147483647;
			files = (
				5ED36ECF19F97263005495D3 /* PalletteViewController.swift in Sources */,
				5ED36EAF19F96825005495D3 /* ViewController.swift in Sources */,
				5ED36ECD19F96CB9005495D3 /* ColorViewController.swift in Sources */,
				5ED36ED119F97329005495D3 /* ColorDescription.swift in Sources */,
				5ED36EAD19F96825005495D3 /* AppDelegate.swift in Sources */,
			);
			runOnlyForDeploymentPostprocessing = 0;
		};
		5ED36EB819F96825005495D3 /* Sources */ = {
			isa = PBXSourcesBuildPhase;
			buildActionMask = 2147483647;
			files = (
				5ED36EC319F96825005495D3 /* ColorboardTests.swift in Sources */,
			);
			runOnlyForDeploymentPostprocessing = 0;
		};
/* End PBXSourcesBuildPhase section */

/* Begin PBXTargetDependency section */
		5ED36EBE19F96825005495D3 /* PBXTargetDependency */ = {
			isa = PBXTargetDependency;
			target = 5ED36EA619F96825005495D3 /* Colorboard */;
			targetProxy = 5ED36EBD19F96825005495D3 /* PBXContainerItemProxy */;
		};
/* End PBXTargetDependency section */

/* Begin PBXVariantGroup section */
		5ED36EB019F96825005495D3 /* Main.storyboard */ = {
			isa = PBXVariantGroup;
			children = (
				5ED36EB119F96825005495D3 /* Base */,
			);
			name = Main.storyboard;
			sourceTree = "<group>";
		};
		5ED36EB519F96825005495D3 /* LaunchScreen.xib */ = {
			isa = PBXVariantGroup;
			children = (
				5ED36EB619F96825005495D3 /* Base */,
			);
			name = LaunchScreen.xib;
			sourceTree = "<group>";
		};
/* End PBXVariantGroup section */

/* Begin XCBuildConfiguration section */
		5ED36EC419F96825005495D3 /* Debug */ = {
			isa = XCBuildConfiguration;
			buildSettings = {
				ALWAYS_SEARCH_USER_PATHS = NO;
				CLANG_CXX_LANGUAGE_STANDARD = "gnu++0x";
				CLANG_CXX_LIBRARY = "libc++";
				CLANG_ENABLE_MODULES = YES;
				CLANG_ENABLE_OBJC_ARC = YES;
				CLANG_WARN_BOOL_CONVERSION = YES;
				CLANG_WARN_CONSTANT_CONVERSION = YES;
				CLANG_WARN_DIRECT_OBJC_ISA_USAGE = YES_ERROR;
				CLANG_WARN_EMPTY_BODY = YES;
				CLANG_WARN_ENUM_CONVERSION = YES;
				CLANG_WARN_INT_CONVERSION = YES;
				CLANG_WARN_OBJC_ROOT_CLASS = YES_ERROR;
				CLANG_WARN_UNREACHABLE_CODE = YES;
				CLANG_WARN__DUPLICATE_METHOD_MATCH = YES;
				"CODE_SIGN_IDENTITY[sdk=iphoneos*]" = "iPhone Developer";
				COPY_PHASE_STRIP = NO;
				ENABLE_STRICT_OBJC_MSGSEND = YES;
				GCC_C_LANGUAGE_STANDARD = gnu99;
				GCC_DYNAMIC_NO_PIC = NO;
				GCC_OPTIMIZATION_LEVEL = 0;
				GCC_PREPROCESSOR_DEFINITIONS = (
					"DEBUG=1",
					"$(inherited)",
				);
				GCC_SYMBOLS_PRIVATE_EXTERN = NO;
				GCC_WARN_64_TO_32_BIT_CONVERSION = YES;
				GCC_WARN_ABOUT_RETURN_TYPE = YES_ERROR;
				GCC_WARN_UNDECLARED_SELECTOR = YES;
				GCC_WARN_UNINITIALIZED_AUTOS = YES_AGGRESSIVE;
				GCC_WARN_UNUSED_FUNCTION = YES;
				GCC_WARN_UNUSED_VARIABLE = YES;
				IPHONEOS_DEPLOYMENT_TARGET = 8.1;
				MTL_ENABLE_DEBUG_INFO = YES;
				ONLY_ACTIVE_ARCH = YES;
				SDKROOT = iphoneos;
				SWIFT_OPTIMIZATION_LEVEL = "-Onone";
			};
			name = Debug;
		};
		5ED36EC519F96825005495D3 /* Release */ = {
			isa = XCBuildConfiguration;
			buildSettings = {
				ALWAYS_SEARCH_USER_PATHS = NO;
				CLANG_CXX_LANGUAGE_STANDARD = "gnu++0x";
				CLANG_CXX_LIBRARY = "libc++";
				CLANG_ENABLE_MODULES = YES;
				CLANG_ENABLE_OBJC_ARC = YES;
				CLANG_WARN_BOOL_CONVERSION = YES;
				CLANG_WARN_CONSTANT_CONVERSION = YES;
				CLANG_WARN_DIRECT_OBJC_ISA_USAGE = YES_ERROR;
				CLANG_WARN_EMPTY_BODY = YES;
				CLANG_WARN_ENUM_CONVERSION = YES;
				CLANG_WARN_INT_CONVERSION = YES;
				CLANG_WARN_OBJC_ROOT_CLASS = YES_ERROR;
				CLANG_WARN_UNREACHABLE_CODE = YES;
				CLANG_WARN__DUPLICATE_METHOD_MATCH = YES;
				"CODE_SIGN_IDENTITY[sdk=iphoneos*]" = "iPhone Developer";
				COPY_PHASE_STRIP = YES;
				ENABLE_NS_ASSERTIONS = NO;
				ENABLE_STRICT_OBJC_MSGSEND = YES;
				GCC_C_LANGUAGE_STANDARD = gnu99;
				GCC_WARN_64_TO_32_BIT_CONVERSION = YES;
				GCC_WARN_ABOUT_RETURN_TYPE = YES_ERROR;
				GCC_WARN_UNDECLARED_SELECTOR = YES;
				GCC_WARN_UNINITIALIZED_AUTOS = YES_AGGRESSIVE;
				GCC_WARN_UNUSED_FUNCTION = YES;
				GCC_WARN_UNUSED_VARIABLE = YES;
				IPHONEOS_DEPLOYMENT_TARGET = 8.1;
				MTL_ENABLE_DEBUG_INFO = NO;
				SDKROOT = iphoneos;
				VALIDATE_PRODUCT = YES;
			};
			name = Release;
		};
		5ED36EC719F96825005495D3 /* Debug */ = {
			isa = XCBuildConfiguration;
			buildSettings = {
				ASSETCATALOG_COMPILER_APPICON_NAME = AppIcon;
				INFOPLIST_FILE = Colorboard/Info.plist;
				LD_RUNPATH_SEARCH_PATHS = "$(inherited) @executable_path/Frameworks";
				PRODUCT_NAME = "$(TARGET_NAME)";
			};
			name = Debug;
		};
		5ED36EC819F96825005495D3 /* Release */ = {
			isa = XCBuildConfiguration;
			buildSettings = {
				ASSETCATALOG_COMPILER_APPICON_NAME = AppIcon;
				INFOPLIST_FILE = Colorboard/Info.plist;
				LD_RUNPATH_SEARCH_PATHS = "$(inherited) @executable_path/Frameworks";
				PRODUCT_NAME = "$(TARGET_NAME)";
			};
			name = Release;
		};
		5ED36ECA19F96825005495D3 /* Debug */ = {
			isa = XCBuildConfiguration;
			buildSettings = {
				BUNDLE_LOADER = "$(TEST_HOST)";
				FRAMEWORK_SEARCH_PATHS = (
					"$(SDKROOT)/Developer/Library/Frameworks",
					"$(inherited)",
				);
				GCC_PREPROCESSOR_DEFINITIONS = (
					"DEBUG=1",
					"$(inherited)",
				);
				INFOPLIST_FILE = ColorboardTests/Info.plist;
				LD_RUNPATH_SEARCH_PATHS = "$(inherited) @executable_path/Frameworks @loader_path/Frameworks";
				PRODUCT_NAME = "$(TARGET_NAME)";
				TEST_HOST = "$(BUILT_PRODUCTS_DIR)/Colorboard.app/Colorboard";
			};
			name = Debug;
		};
		5ED36ECB19F96825005495D3 /* Release */ = {
			isa = XCBuildConfiguration;
			buildSettings = {
				BUNDLE_LOADER = "$(TEST_HOST)";
				FRAMEWORK_SEARCH_PATHS = (
					"$(SDKROOT)/Developer/Library/Frameworks",
					"$(inherited)",
				);
				INFOPLIST_FILE = ColorboardTests/Info.plist;
				LD_RUNPATH_SEARCH_PATHS = "$(inherited) @executable_path/Frameworks @loader_path/Frameworks";
				PRODUCT_NAME = "$(TARGET_NAME)";
				TEST_HOST = "$(BUILT_PRODUCTS_DIR)/Colorboard.app/Colorboard";
			};
			name = Release;
		};
/* End XCBuildConfiguration section */

/* Begin XCConfigurationList section */
		5ED36EA219F96825005495D3 /* Build configuration list for PBXProject "Colorboard" */ = {
			isa = XCConfigurationList;
			buildConfigurations = (
				5ED36EC419F96825005495D3 /* Debug */,
				5ED36EC519F96825005495D3 /* Release */,
			);
			defaultConfigurationIsVisible = 0;
			defaultConfigurationName = Release;
		};
		5ED36EC619F96825005495D3 /* Build configuration list for PBXNativeTarget "Colorboard" */ = {
			isa = XCConfigurationList;
			buildConfigurations = (
				5ED36EC719F96825005495D3 /* Debug */,
				5ED36EC819F96825005495D3 /* Release */,
			);
			defaultConfigurationIsVisible = 0;
		};
		5ED36EC919F96825005495D3 /* Build configuration list for PBXNativeTarget "ColorboardTests" */ = {
			isa = XCConfigurationList;
			buildConfigurations = (
				5ED36ECA19F96825005495D3 /* Debug */,
				5ED36ECB19F96825005495D3 /* Release */,
			);
			defaultConfigurationIsVisible = 0;
		};
/* End XCConfigurationList section */
	};
	rootObject = 5ED36E9F19F96825005495D3 /* Project object */;
}
